{
  "requires": true,
  "lockfileVersion": 1,
  "dependencies": {
    "@yuuza/webfx": {
      "version": "1.5.0",
      "resolved": "https://registry.npmjs.org/@yuuza/webfx/-/webfx-1.5.0.tgz",
      "integrity": "sha512-S2iL8+dFtG4iYfmfalD4SW5DKCKc0qBcAzMN2P/BF1AqXsWxjH3AG7spbZvcMjEnm+CsD9zPDLrIvu9egExLDw=="
    }
  }
}
