{
  "requires": true,
  "lockfileVersion": 1,
  "dependencies": {
    "@yuuza/webfx": {
      "version": "1.5.2",
      "resolved": "https://registry.npmjs.org/@yuuza/webfx/-/webfx-1.5.2.tgz",
      "integrity": "sha512-pWWOPKx6j3egM4k0RAbq2+EagQEPAPlZPlf+5eMvcZVkem/L1SLN47pCO/4jpfsnnmFeHzCTbXnCmNz9Pr90RA=="
    }
  }
}
